
Microsoft Visual Studio Solution File, Format Version 12.00
# Visual Studio Version 17
VisualStudioVersion = 17.0.32112.339
MinimumVisualStudioVersion = 10.0.40219.1
Project("{9A19103F-16F7-4668-BE54-9A1E7A4F7556}") = "my_p1", "my_p1\my_p1.csproj", "{96D3F085-DC15-4B5E-91FC-A45A6C6757A2}"
EndProject
Project("{9A19103F-16F7-4668-BE54-9A1E7A4F7556}") = "lessondatatype", "lessondatatype\lessondatatype.csproj", "{8A68FB23-D19D-4559-9DFE-67A07343CD9D}"
EndProject
Project("{9A19103F-16F7-4668-BE54-9A1E7A4F7556}") = "lesson-3-conditional-loop", "lesson-3-conditional-loop\lesson-3-conditional-loop.csproj", "{A6D0B39D-D02E-4E73-9752-0BA6F3355BD1}"
EndProject
Project("{9A19103F-16F7-4668-BE54-9A1E7A4F7556}") = "lesson-4-methods", "lesson-4-methods\lesson-4-methods.csproj", "{58EAC6D9-F6A6-4160-B314-26EDEEC50BD4}"
EndProject
Project("{FAE04EC0-301F-11D3-BF4B-00C04F79EFBC}") = "lesson-7-strings", "lesson-7-strings\lesson-7-strings.csproj", "{110FC673-AE52-416C-A8DB-5160F7983457}"
EndProject
Global
	GlobalSection(SolutionConfigurationPlatforms) = preSolution
		Debug|Any CPU = Debug|Any CPU
		Release|Any CPU = Release|Any CPU
	EndGlobalSection
	GlobalSection(ProjectConfigurationPlatforms) = postSolution
		{96D3F085-DC15-4B5E-91FC-A45A6C6757A2}.Debug|Any CPU.ActiveCfg = Debug|Any CPU
		{96D3F085-DC15-4B5E-91FC-A45A6C6757A2}.Debug|Any CPU.Build.0 = Debug|Any CPU
		{96D3F085-DC15-4B5E-91FC-A45A6C6757A2}.Release|Any CPU.ActiveCfg = Release|Any CPU
		{96D3F085-DC15-4B5E-91FC-A45A6C6757A2}.Release|Any CPU.Build.0 = Release|Any CPU
		{8A68FB23-D19D-4559-9DFE-67A07343CD9D}.Debug|Any CPU.ActiveCfg = Debug|Any CPU
		{8A68FB23-D19D-4559-9DFE-67A07343CD9D}.Debug|Any CPU.Build.0 = Debug|Any CPU
		{8A68FB23-D19D-4559-9DFE-67A07343CD9D}.Release|Any CPU.ActiveCfg = Release|Any CPU
		{8A68FB23-D19D-4559-9DFE-67A07343CD9D}.Release|Any CPU.Build.0 = Release|Any CPU
		{A6D0B39D-D02E-4E73-9752-0BA6F3355BD1}.Debug|Any CPU.ActiveCfg = Debug|Any CPU
		{A6D0B39D-D02E-4E73-9752-0BA6F3355BD1}.Debug|Any CPU.Build.0 = Debug|Any CPU
		{A6D0B39D-D02E-4E73-9752-0BA6F3355BD1}.Release|Any CPU.ActiveCfg = Release|Any CPU
		{A6D0B39D-D02E-4E73-9752-0BA6F3355BD1}.Release|Any CPU.Build.0 = Release|Any CPU
		{58EAC6D9-F6A6-4160-B314-26EDEEC50BD4}.Debug|Any CPU.ActiveCfg = Debug|Any CPU
		{58EAC6D9-F6A6-4160-B314-26EDEEC50BD4}.Debug|Any CPU.Build.0 = Debug|Any CPU
		{58EAC6D9-F6A6-4160-B314-26EDEEC50BD4}.Release|Any CPU.ActiveCfg = Release|Any CPU
		{58EAC6D9-F6A6-4160-B314-26EDEEC50BD4}.Release|Any CPU.Build.0 = Release|Any CPU
		{110FC673-AE52-416C-A8DB-5160F7983457}.Debug|Any CPU.ActiveCfg = Debug|Any CPU
		{110FC673-AE52-416C-A8DB-5160F7983457}.Debug|Any CPU.Build.0 = Debug|Any CPU
		{110FC673-AE52-416C-A8DB-5160F7983457}.Release|Any CPU.ActiveCfg = Release|Any CPU
		{110FC673-AE52-416C-A8DB-5160F7983457}.Release|Any CPU.Build.0 = Release|Any CPU
	EndGlobalSection
	GlobalSection(SolutionProperties) = preSolution
		HideSolutionNode = FALSE
	EndGlobalSection
	GlobalSection(ExtensibilityGlobals) = postSolution
		SolutionGuid = {2E72A01B-B67A-4695-911D-1A305B64D519}
	EndGlobalSection
EndGlobal
